
Microsoft Visual Studio Solution File, Format Version 12.00
# Visual Studio 15
VisualStudioVersion = 15.0.28307.1433
MinimumVisualStudioVersion = 10.0.40219.1
Project("{FAE04EC0-301F-11D3-BF4B-00C04F79EFBC}") = "azwebapplication", "azwebapplication\azwebapplication.csproj", "{9DBA7A72-BE2C-4426-9D4B-AFA6275FCCC8}"
EndProject
Global
	GlobalSection(SolutionConfigurationPlatforms) = preSolution
		Debug|Any CPU = Debug|Any CPU
		Release|Any CPU = Release|Any CPU
	EndGlobalSection
	GlobalSection(ProjectConfigurationPlatforms) = postSolution
		{9DBA7A72-BE2C-4426-9D4B-AFA6275FCCC8}.Debug|Any CPU.ActiveCfg = Debug|Any CPU
		{9DBA7A72-BE2C-4426-9D4B-AFA6275FCCC8}.Debug|Any CPU.Build.0 = Debug|Any CPU
		{9DBA7A72-BE2C-4426-9D4B-AFA6275FCCC8}.Release|Any CPU.ActiveCfg = Release|Any CPU
		{9DBA7A72-BE2C-4426-9D4B-AFA6275FCCC8}.Release|Any CPU.Build.0 = Release|Any CPU
	EndGlobalSection
	GlobalSection(SolutionProperties) = preSolution
		HideSolutionNode = FALSE
	EndGlobalSection
	GlobalSection(ExtensibilityGlobals) = postSolution
		SolutionGuid = {342BCAAF-7EDE-4EF8-956B-9838C471ED07}
	EndGlobalSection
EndGlobal
